
Microsoft Visual Studio Solution File, Format Version 12.00
# Visual Studio Version 17
VisualStudioVersion = 17.2.32519.379
MinimumVisualStudioVersion = 10.0.40219.1
Project("{FAE04EC0-301F-11D3-BF4B-00C04F79EFBC}") = "exercicio3Composicao", "exercicio3Composicao\exercicio3Composicao.csproj", "{519365DA-6446-43F1-BB95-3549CAEA1496}"
EndProject
Global
	GlobalSection(SolutionConfigurationPlatforms) = preSolution
		Debug|Any CPU = Debug|Any CPU
		Release|Any CPU = Release|Any CPU
	EndGlobalSection
	GlobalSection(ProjectConfigurationPlatforms) = postSolution
		{519365DA-6446-43F1-BB95-3549CAEA1496}.Debug|Any CPU.ActiveCfg = Debug|Any CPU
		{519365DA-6446-43F1-BB95-3549CAEA1496}.Debug|Any CPU.Build.0 = Debug|Any CPU
		{519365DA-6446-43F1-BB95-3549CAEA1496}.Release|Any CPU.ActiveCfg = Release|Any CPU
		{519365DA-6446-43F1-BB95-3549CAEA1496}.Release|Any CPU.Build.0 = Release|Any CPU
	EndGlobalSection
	GlobalSection(SolutionProperties) = preSolution
		HideSolutionNode = FALSE
	EndGlobalSection
	GlobalSection(ExtensibilityGlobals) = postSolution
		SolutionGuid = {5C25FA17-3351-41A4-AD6F-D8CA40791057}
	EndGlobalSection
EndGlobal
